{
  "object": {
    "pins": [
      {
        "package": "PerformanceBezier",
        "repositoryURL": "https://github.com/azun-c/PerformanceBezier.git",
        "state": {
          "branch": null,
          "revision": "52fc8a5c4bf03eb34ba0440b4865ebd66ba5c4bb",
          "version": "1.3.2"
        }
      }
    ]
  },
  "version": 1
}
