{
  "object": {
    "pins": [
      {
        "package": "PerformanceBezier",
        "repositoryURL": "https://github.com/azun-c/PerformanceBezier.git",
        "state": {
          "branch": null,
          "revision": "4b85ffe3b58f03bb2eb7b851aa076da15cfc1197",
          "version": "1.0.1"
        }
      }
    ]
  },
  "version": 1
}
