{
  "object": {
    "pins": [
      {
        "package": "PerformanceBezier",
        "repositoryURL": "https://github.com/azun-c/PerformanceBezier.git",
        "state": {
          "branch": null,
          "revision": "0ab24eb1e5674d6db1fbdb887d4714d0738bf7a1",
          "version": "1.0.2"
        }
      }
    ]
  },
  "version": 1
}
